{
  "name": "zapbot",
  "version": "1.0.0",
  "lockfileVersion": 1,
  "requires": true,
  "dependencies": {
    "async-limiter": {
      "version": "1.0.0",
      "resolved": "https://registry.npmjs.org/async-limiter/-/async-limiter-1.0.0.tgz",
      "integrity": "sha512-jp/uFnooOiO+L211eZOoSyzpOITMXx1rBITauYykG3BRYPu8h0UcxsPNB04RR5vo4Tyz3+ay17tR6JVf9qzYWg=="
    },
    "data-store": {
      "version": "3.1.0",
      "resolved": "https://registry.npmjs.org/data-store/-/data-store-3.1.0.tgz",
      "integrity": "sha512-MjbLiqz5IJFD/NZLztrrxc2LZ8KMc42kHWAUSxD/kp2ekzHE8EZfkYP4nQy15aPMwV5vac2dW21Ni72okNAwTQ=="
    },
    "eris": {
      "version": "0.10.0",
      "resolved": "https://registry.npmjs.org/eris/-/eris-0.10.0.tgz",
      "integrity": "sha512-xAvmD4wsE5mwuiP+wy8RiarjiuwCylSsglKqru4J4sk0/WGOnSOfEZf43YLx/TcF4J1D4B2VMTq38446Bk1x1Q==",
      "requires": {
        "opusscript": "^0.0.4",
        "tweetnacl": "^1.0.0",
        "ws": "^6.0.0"
      }
    },
    "opusscript": {
      "version": "0.0.4",
      "resolved": "https://registry.npmjs.org/opusscript/-/opusscript-0.0.4.tgz",
      "integrity": "sha512-bEPZFE2lhUJYQD5yfTFO4RhbRZ937x6hRwBC1YoGacT35bwDVwKFP1+amU8NYfZL/v4EU7ZTU3INTqzYAnuP7Q==",
      "optional": true
    },
    "require-reload": {
      "version": "0.2.2",
      "resolved": "https://registry.npmjs.org/require-reload/-/require-reload-0.2.2.tgz",
      "integrity": "sha1-KadZGEbK+RtuijzamRaD+V+NfUI="
    },
    "tweetnacl": {
      "version": "1.0.1",
      "resolved": "https://registry.npmjs.org/tweetnacl/-/tweetnacl-1.0.1.tgz",
      "integrity": "sha512-kcoMoKTPYnoeS50tzoqjPY3Uv9axeuuFAZY9M/9zFnhoVvRfxz9K29IMPD7jGmt2c8SW7i3gT9WqDl2+nV7p4A==",
      "optional": true
    },
    "ws": {
      "version": "6.2.1",
      "resolved": "https://registry.npmjs.org/ws/-/ws-6.2.1.tgz",
      "integrity": "sha512-GIyAXC2cB7LjvpgMt9EKS2ldqr0MTrORaleiOno6TweZ6r3TKtoFQWay/2PceJ3RuBasOHzXNn5Lrw1X0bEjqA==",
      "requires": {
        "async-limiter": "~1.0.0"
      }
    }
  }
}
